
Microsoft Visual Studio Solution File, Format Version 12.00
# Visual Studio 2017
Project("{FAE04EC0-301F-11D3-BF4B-00C04F79EFBC}") = "projet-2018-tissierverse-sta.Plugins", "projet-2018-tissierverse-sta.Plugins.csproj", "{FF8547EB-CD1F-C31D-E38E-FD3B3E95FFA3}"
EndProject
Project("{FAE04EC0-301F-11D3-BF4B-00C04F79EFBC}") = "projet-2018-tissierverse-sta", "projet-2018-tissierverse-sta.csproj", "{B62F4543-4C4F-2D14-E7EA-D23AD8329838}"
EndProject
Project("{FAE04EC0-301F-11D3-BF4B-00C04F79EFBC}") = "projet-2018-tissierverse-sta.Editor.Plugins", "projet-2018-tissierverse-sta.Editor.Plugins.csproj", "{278C0D4E-2126-2022-C72A-7EA7A47E31CE}"
EndProject
Global
	GlobalSection(SolutionConfigurationPlatforms) = preSolution
		Debug|Any CPU = Debug|Any CPU
		Release|Any CPU = Release|Any CPU
	EndGlobalSection
	GlobalSection(ProjectConfigurationPlatforms) = postSolution
		{FF8547EB-CD1F-C31D-E38E-FD3B3E95FFA3}.Debug|Any CPU.ActiveCfg = Debug|Any CPU
		{FF8547EB-CD1F-C31D-E38E-FD3B3E95FFA3}.Debug|Any CPU.Build.0 = Debug|Any CPU
		{FF8547EB-CD1F-C31D-E38E-FD3B3E95FFA3}.Release|Any CPU.ActiveCfg = Release|Any CPU
		{FF8547EB-CD1F-C31D-E38E-FD3B3E95FFA3}.Release|Any CPU.Build.0 = Release|Any CPU
		{B62F4543-4C4F-2D14-E7EA-D23AD8329838}.Debug|Any CPU.ActiveCfg = Debug|Any CPU
		{B62F4543-4C4F-2D14-E7EA-D23AD8329838}.Debug|Any CPU.Build.0 = Debug|Any CPU
		{B62F4543-4C4F-2D14-E7EA-D23AD8329838}.Release|Any CPU.ActiveCfg = Release|Any CPU
		{B62F4543-4C4F-2D14-E7EA-D23AD8329838}.Release|Any CPU.Build.0 = Release|Any CPU
		{278C0D4E-2126-2022-C72A-7EA7A47E31CE}.Debug|Any CPU.ActiveCfg = Debug|Any CPU
		{278C0D4E-2126-2022-C72A-7EA7A47E31CE}.Debug|Any CPU.Build.0 = Debug|Any CPU
		{278C0D4E-2126-2022-C72A-7EA7A47E31CE}.Release|Any CPU.ActiveCfg = Release|Any CPU
		{278C0D4E-2126-2022-C72A-7EA7A47E31CE}.Release|Any CPU.Build.0 = Release|Any CPU
	EndGlobalSection
	GlobalSection(SolutionProperties) = preSolution
		HideSolutionNode = FALSE
	EndGlobalSection
EndGlobal
